// !$*UTF8*$!
{
	archiveVersion = 1;
	classes = {
	};
	objectVersion = 46;
	objects = {

/* Begin PBXBuildFile section */
		58196BB96C70A6A28F5379FA /* libPods-FeedsAppUITests.a in Frameworks */ = {isa = PBXBuildFile; fileRef = 9EB9C78E073E40461283BC15 /* libPods-FeedsAppUITests.a */; };
		72B6D8C7209ACAD100CFF270 /* main.m in Sources */ = {isa = PBXBuildFile; fileRef = 72B6D8C6209ACAD100CFF270 /* main.m */; };
		72B6D8CA209ACAD100CFF270 /* AppDelegate.m in Sources */ = {isa = PBXBuildFile; fileRef = 72B6D8C9209ACAD100CFF270 /* AppDelegate.m */; };
		72B6D8D0209ACAD100CFF270 /* Main.storyboard in Resources */ = {isa = PBXBuildFile; fileRef = 72B6D8CE209ACAD100CFF270 /* Main.storyboard */; };
		72B6D8D2209ACAD100CFF270 /* Assets.xcassets in Resources */ = {isa = PBXBuildFile; fileRef = 72B6D8D1209ACAD100CFF270 /* Assets.xcassets */; };
		72B6D8D5209ACAD100CFF270 /* LaunchScreen.storyboard in Resources */ = {isa = PBXBuildFile; fileRef = 72B6D8D3209ACAD100CFF270 /* LaunchScreen.storyboard */; };
		72B6D8E0209ACAD100CFF270 /* FeedsAppTests.m in Sources */ = {isa = PBXBuildFile; fileRef = 72B6D8DF209ACAD100CFF270 /* FeedsAppTests.m */; };
		72B6D8EB209ACAD100CFF270 /* FeedsAppUITests.m in Sources */ = {isa = PBXBuildFile; fileRef = 72B6D8EA209ACAD100CFF270 /* FeedsAppUITests.m */; };
		72B6D906209AF9C000CFF270 /* FAListViewController.m in Sources */ = {isa = PBXBuildFile; fileRef = 72B6D905209AF9C000CFF270 /* FAListViewController.m */; };
		72B6D90D209B132000CFF270 /* NSString+Additions.m in Sources */ = {isa = PBXBuildFile; fileRef = 72B6D90C209B132000CFF270 /* NSString+Additions.m */; };
		72B6D910209B2E2800CFF270 /* FAFeed.m in Sources */ = {isa = PBXBuildFile; fileRef = 72B6D90F209B2E2800CFF270 /* FAFeed.m */; };
		72B6D913209B2F0300CFF270 /* FATableViewDataSource.m in Sources */ = {isa = PBXBuildFile; fileRef = 72B6D912209B2F0300CFF270 /* FATableViewDataSource.m */; };
		72B6D916209B2F1700CFF270 /* FATableViewDelegate.m in Sources */ = {isa = PBXBuildFile; fileRef = 72B6D915209B2F1700CFF270 /* FATableViewDelegate.m */; };
		72B6D919209B2FA900CFF270 /* FAServiceManager.m in Sources */ = {isa = PBXBuildFile; fileRef = 72B6D918209B2FA900CFF270 /* FAServiceManager.m */; };
		90EA1C749A26C654107A1442 /* libPods-FeedsApp.a in Frameworks */ = {isa = PBXBuildFile; fileRef = E012ECA7D674C204B306CB0F /* libPods-FeedsApp.a */; };
		E5C8956B2FB146D6EF423AA7 /* libPods-FeedsAppTests.a in Frameworks */ = {isa = PBXBuildFile; fileRef = EBEDB65E063E632EAEEE5765 /* libPods-FeedsAppTests.a */; };
/* End PBXBuildFile section */

/* Begin PBXContainerItemProxy section */
		72B6D8DC209ACAD100CFF270 /* PBXContainerItemProxy */ = {
			isa = PBXContainerItemProxy;
			containerPortal = 72B6D8BA209ACAD100CFF270 /* Project object */;
			proxyType = 1;
			remoteGlobalIDString = 72B6D8C1209ACAD100CFF270;
			remoteInfo = FeedsApp;
		};
		72B6D8E7209ACAD100CFF270 /* PBXContainerItemProxy */ = {
			isa = PBXContainerItemProxy;
			containerPortal = 72B6D8BA209ACAD100CFF270 /* Project object */;
			proxyType = 1;
			remoteGlobalIDString = 72B6D8C1209ACAD100CFF270;
			remoteInfo = FeedsApp;
		};
/* End PBXContainerItemProxy section */

/* Begin PBXFileReference section */
		14EEF40B89A18DD9656DF615 /* Pods-FeedsAppUITests.release.xcconfig */ = {isa = PBXFileReference; includeInIndex = 1; lastKnownFileType = text.xcconfig; name = "Pods-FeedsAppUITests.release.xcconfig"; path = "Pods/Target Support Files/Pods-FeedsAppUITests/Pods-FeedsAppUITests.release.xcconfig"; sourceTree = "<group>"; };
		2A6239A5E74985B514C90DE6 /* Pods-FeedsAppUITests.debug.xcconfig */ = {isa = PBXFileReference; includeInIndex = 1; lastKnownFileType = text.xcconfig; name = "Pods-FeedsAppUITests.debug.xcconfig"; path = "Pods/Target Support Files/Pods-FeedsAppUITests/Pods-FeedsAppUITests.debug.xcconfig"; sourceTree = "<group>"; };
		2A9C5BAD45EFC3DD05E5E055 /* Pods-FeedsAppTests.debug.xcconfig */ = {isa = PBXFileReference; includeInIndex = 1; lastKnownFileType = text.xcconfig; name = "Pods-FeedsAppTests.debug.xcconfig"; path = "Pods/Target Support Files/Pods-FeedsAppTests/Pods-FeedsAppTests.debug.xcconfig"; sourceTree = "<group>"; };
		72B6D8C2209ACAD100CFF270 /* FeedsApp.app */ = {isa = PBXFileReference; explicitFileType = wrapper.application; includeInIndex = 0; path = FeedsApp.app; sourceTree = BUILT_PRODUCTS_DIR; };
		72B6D8C6209ACAD100CFF270 /* main.m */ = {isa = PBXFileReference; lastKnownFileType = sourcecode.c.objc; path = main.m; sourceTree = "<group>"; };
		72B6D8C8209ACAD100CFF270 /* AppDelegate.h */ = {isa = PBXFileReference; lastKnownFileType = sourcecode.c.h; path = AppDelegate.h; sourceTree = "<group>"; };
		72B6D8C9209ACAD100CFF270 /* AppDelegate.m */ = {isa = PBXFileReference; lastKnownFileType = sourcecode.c.objc; path = AppDelegate.m; sourceTree = "<group>"; };
		72B6D8CF209ACAD100CFF270 /* Base */ = {isa = PBXFileReference; lastKnownFileType = file.storyboard; name = Base; path = Base.lproj/Main.storyboard; sourceTree = "<group>"; };
		72B6D8D1209ACAD100CFF270 /* Assets.xcassets */ = {isa = PBXFileReference; lastKnownFileType = folder.assetcatalog; path = Assets.xcassets; sourceTree = "<group>"; };
		72B6D8D4209ACAD100CFF270 /* Base */ = {isa = PBXFileReference; lastKnownFileType = file.storyboard; name = Base; path = Base.lproj/LaunchScreen.storyboard; sourceTree = "<group>"; };
		72B6D8D6209ACAD100CFF270 /* Info.plist */ = {isa = PBXFileReference; lastKnownFileType = text.plist.xml; path = Info.plist; sourceTree = "<group>"; };
		72B6D8DB209ACAD100CFF270 /* FeedsAppTests.xctest */ = {isa = PBXFileReference; explicitFileType = wrapper.cfbundle; includeInIndex = 0; path = FeedsAppTests.xctest; sourceTree = BUILT_PRODUCTS_DIR; };
		72B6D8DF209ACAD100CFF270 /* FeedsAppTests.m */ = {isa = PBXFileReference; lastKnownFileType = sourcecode.c.objc; path = FeedsAppTests.m; sourceTree = "<group>"; };
		72B6D8E1209ACAD100CFF270 /* Info.plist */ = {isa = PBXFileReference; lastKnownFileType = text.plist.xml; path = Info.plist; sourceTree = "<group>"; };
		72B6D8E6209ACAD100CFF270 /* FeedsAppUITests.xctest */ = {isa = PBXFileReference; explicitFileType = wrapper.cfbundle; includeInIndex = 0; path = FeedsAppUITests.xctest; sourceTree = BUILT_PRODUCTS_DIR; };
		72B6D8EA209ACAD100CFF270 /* FeedsAppUITests.m */ = {isa = PBXFileReference; lastKnownFileType = sourcecode.c.objc; path = FeedsAppUITests.m; sourceTree = "<group>"; };
		72B6D8EC209ACAD100CFF270 /* Info.plist */ = {isa = PBXFileReference; lastKnownFileType = text.plist.xml; path = Info.plist; sourceTree = "<group>"; };
		72B6D900209AD01000CFF270 /* FAConstants.h */ = {isa = PBXFileReference; lastKnownFileType = sourcecode.c.h; path = FAConstants.h; sourceTree = "<group>"; };
		72B6D904209AF9C000CFF270 /* FAListViewController.h */ = {isa = PBXFileReference; fileEncoding = 4; lastKnownFileType = sourcecode.c.h; path = FAListViewController.h; sourceTree = "<group>"; };
		72B6D905209AF9C000CFF270 /* FAListViewController.m */ = {isa = PBXFileReference; fileEncoding = 4; lastKnownFileType = sourcecode.c.objc; path = FAListViewController.m; sourceTree = "<group>"; };
		72B6D90B209B132000CFF270 /* NSString+Additions.h */ = {isa = PBXFileReference; fileEncoding = 4; lastKnownFileType = sourcecode.c.h; path = "NSString+Additions.h"; sourceTree = "<group>"; };
		72B6D90C209B132000CFF270 /* NSString+Additions.m */ = {isa = PBXFileReference; fileEncoding = 4; lastKnownFileType = sourcecode.c.objc; path = "NSString+Additions.m"; sourceTree = "<group>"; };
		72B6D90E209B2E2800CFF270 /* FAFeed.h */ = {isa = PBXFileReference; fileEncoding = 4; lastKnownFileType = sourcecode.c.h; path = FAFeed.h; sourceTree = "<group>"; };
		72B6D90F209B2E2800CFF270 /* FAFeed.m */ = {isa = PBXFileReference; fileEncoding = 4; lastKnownFileType = sourcecode.c.objc; path = FAFeed.m; sourceTree = "<group>"; };
		72B6D911209B2F0300CFF270 /* FATableViewDataSource.h */ = {isa = PBXFileReference; fileEncoding = 4; lastKnownFileType = sourcecode.c.h; path = FATableViewDataSource.h; sourceTree = "<group>"; };
		72B6D912209B2F0300CFF270 /* FATableViewDataSource.m */ = {isa = PBXFileReference; fileEncoding = 4; lastKnownFileType = sourcecode.c.objc; path = FATableViewDataSource.m; sourceTree = "<group>"; };
		72B6D914209B2F1700CFF270 /* FATableViewDelegate.h */ = {isa = PBXFileReference; fileEncoding = 4; lastKnownFileType = sourcecode.c.h; path = FATableViewDelegate.h; sourceTree = "<group>"; };
		72B6D915209B2F1700CFF270 /* FATableViewDelegate.m */ = {isa = PBXFileReference; fileEncoding = 4; lastKnownFileType = sourcecode.c.objc; path = FATableViewDelegate.m; sourceTree = "<group>"; };
		72B6D917209B2FA900CFF270 /* FAServiceManager.h */ = {isa = PBXFileReference; fileEncoding = 4; lastKnownFileType = sourcecode.c.h; path = FAServiceManager.h; sourceTree = "<group>"; };
		72B6D918209B2FA900CFF270 /* FAServiceManager.m */ = {isa = PBXFileReference; fileEncoding = 4; lastKnownFileType = sourcecode.c.objc; path = FAServiceManager.m; sourceTree = "<group>"; };
		9EB9C78E073E40461283BC15 /* libPods-FeedsAppUITests.a */ = {isa = PBXFileReference; explicitFileType = archive.ar; includeInIndex = 0; path = "libPods-FeedsAppUITests.a"; sourceTree = BUILT_PRODUCTS_DIR; };
		C788A160C732B2E362749D0B /* Pods-FeedsApp.release.xcconfig */ = {isa = PBXFileReference; includeInIndex = 1; lastKnownFileType = text.xcconfig; name = "Pods-FeedsApp.release.xcconfig"; path = "Pods/Target Support Files/Pods-FeedsApp/Pods-FeedsApp.release.xcconfig"; sourceTree = "<group>"; };
		DF9C08F2DD53313598E10461 /* Pods-FeedsAppTests.release.xcconfig */ = {isa = PBXFileReference; includeInIndex = 1; lastKnownFileType = text.xcconfig; name = "Pods-FeedsAppTests.release.xcconfig"; path = "Pods/Target Support Files/Pods-FeedsAppTests/Pods-FeedsAppTests.release.xcconfig"; sourceTree = "<group>"; };
		E012ECA7D674C204B306CB0F /* libPods-FeedsApp.a */ = {isa = PBXFileReference; explicitFileType = archive.ar; includeInIndex = 0; path = "libPods-FeedsApp.a"; sourceTree = BUILT_PRODUCTS_DIR; };
		EBEDB65E063E632EAEEE5765 /* libPods-FeedsAppTests.a */ = {isa = PBXFileReference; explicitFileType = archive.ar; includeInIndex = 0; path = "libPods-FeedsAppTests.a"; sourceTree = BUILT_PRODUCTS_DIR; };
		FA34D24E274C2049A8FE7F01 /* Pods-FeedsApp.debug.xcconfig */ = {isa = PBXFileReference; includeInIndex = 1; lastKnownFileType = text.xcconfig; name = "Pods-FeedsApp.debug.xcconfig"; path = "Pods/Target Support Files/Pods-FeedsApp/Pods-FeedsApp.debug.xcconfig"; sourceTree = "<group>"; };
/* End PBXFileReference section */

/* Begin PBXFrameworksBuildPhase section */
		72B6D8BF209ACAD100CFF270 /* Frameworks */ = {
			isa = PBXFrameworksBuildPhase;
			buildActionMask = 2147483647;
			files = (
				90EA1C749A26C654107A1442 /* libPods-FeedsApp.a in Frameworks */,
			);
			runOnlyForDeploymentPostprocessing = 0;
		};
		72B6D8D8209ACAD100CFF270 /* Frameworks */ = {
			isa = PBXFrameworksBuildPhase;
			buildActionMask = 2147483647;
			files = (
				E5C8956B2FB146D6EF423AA7 /* libPods-FeedsAppTests.a in Frameworks */,
			);
			runOnlyForDeploymentPostprocessing = 0;
		};
		72B6D8E3209ACAD100CFF270 /* Frameworks */ = {
			isa = PBXFrameworksBuildPhase;
			buildActionMask = 2147483647;
			files = (
				58196BB96C70A6A28F5379FA /* libPods-FeedsAppUITests.a in Frameworks */,
			);
			runOnlyForDeploymentPostprocessing = 0;
		};
/* End PBXFrameworksBuildPhase section */

/* Begin PBXGroup section */
		72B6D8B9209ACAD100CFF270 = {
			isa = PBXGroup;
			children = (
				72B6D8C4209ACAD100CFF270 /* FeedsApp */,
				72B6D8F8209ACDF300CFF270 /* AppDelegate */,
				72B6D8FC209ACE6F00CFF270 /* Manager */,
				72B6D8FB209ACE6800CFF270 /* Utils */,
				72B6D8FA209ACE4700CFF270 /* Model */,
				72B6D8F9209ACE3000CFF270 /* Controllers */,
				72B6D8FF209ACEF000CFF270 /* View */,
				72B6D907209B125200CFF270 /* CustomControls */,
				72B6D8FE209ACE9700CFF270 /* Resources */,
				72B6D8DE209ACAD100CFF270 /* FeedsAppTests */,
				72B6D8E9209ACAD100CFF270 /* FeedsAppUITests */,
				72B6D8C3209ACAD100CFF270 /* Products */,
				F03EF3E5A74F5086708E3FCC /* Pods */,
				C178CD81B538616D7E99A8DF /* Frameworks */,
			);
			sourceTree = "<group>";
		};
		72B6D8C3209ACAD100CFF270 /* Products */ = {
			isa = PBXGroup;
			children = (
				72B6D8C2209ACAD100CFF270 /* FeedsApp.app */,
				72B6D8DB209ACAD100CFF270 /* FeedsAppTests.xctest */,
				72B6D8E6209ACAD100CFF270 /* FeedsAppUITests.xctest */,
			);
			name = Products;
			sourceTree = "<group>";
		};
		72B6D8C4209ACAD100CFF270 /* FeedsApp */ = {
			isa = PBXGroup;
			children = (
				72B6D8C5209ACAD100CFF270 /* Supporting Files */,
			);
			path = FeedsApp;
			sourceTree = "<group>";
		};
		72B6D8C5209ACAD100CFF270 /* Supporting Files */ = {
			isa = PBXGroup;
			children = (
				72B6D8C6209ACAD100CFF270 /* main.m */,
			);
			name = "Supporting Files";
			sourceTree = "<group>";
		};
		72B6D8DE209ACAD100CFF270 /* FeedsAppTests */ = {
			isa = PBXGroup;
			children = (
				72B6D8DF209ACAD100CFF270 /* FeedsAppTests.m */,
				72B6D8E1209ACAD100CFF270 /* Info.plist */,
			);
			path = FeedsAppTests;
			sourceTree = "<group>";
		};
		72B6D8E9209ACAD100CFF270 /* FeedsAppUITests */ = {
			isa = PBXGroup;
			children = (
				72B6D8EA209ACAD100CFF270 /* FeedsAppUITests.m */,
				72B6D8EC209ACAD100CFF270 /* Info.plist */,
			);
			path = FeedsAppUITests;
			sourceTree = "<group>";
		};
		72B6D8F8209ACDF300CFF270 /* AppDelegate */ = {
			isa = PBXGroup;
			children = (
				72B6D8C8209ACAD100CFF270 /* AppDelegate.h */,
				72B6D8C9209ACAD100CFF270 /* AppDelegate.m */,
			);
			name = AppDelegate;
			path = FeedsApp;
			sourceTree = "<group>";
		};
		72B6D8F9209ACE3000CFF270 /* Controllers */ = {
			isa = PBXGroup;
			children = (
				72B6D904209AF9C000CFF270 /* FAListViewController.h */,
				72B6D905209AF9C000CFF270 /* FAListViewController.m */,
			);
			name = Controllers;
			path = FeedsApp;
			sourceTree = "<group>";
		};
		72B6D8FA209ACE4700CFF270 /* Model */ = {
			isa = PBXGroup;
			children = (
				72B6D90E209B2E2800CFF270 /* FAFeed.h */,
				72B6D90F209B2E2800CFF270 /* FAFeed.m */,
				72B6D911209B2F0300CFF270 /* FATableViewDataSource.h */,
				72B6D912209B2F0300CFF270 /* FATableViewDataSource.m */,
				72B6D914209B2F1700CFF270 /* FATableViewDelegate.h */,
				72B6D915209B2F1700CFF270 /* FATableViewDelegate.m */,
			);
			name = Model;
			path = FeedsApp;
			sourceTree = "<group>";
		};
		72B6D8FB209ACE6800CFF270 /* Utils */ = {
			isa = PBXGroup;
			children = (
				72B6D900209AD01000CFF270 /* FAConstants.h */,
			);
			name = Utils;
			path = FeedsApp;
			sourceTree = "<group>";
		};
		72B6D8FC209ACE6F00CFF270 /* Manager */ = {
			isa = PBXGroup;
			children = (
				72B6D917209B2FA900CFF270 /* FAServiceManager.h */,
				72B6D918209B2FA900CFF270 /* FAServiceManager.m */,
			);
			name = Manager;
			path = FeedsApp;
			sourceTree = "<group>";
		};
		72B6D8FE209ACE9700CFF270 /* Resources */ = {
			isa = PBXGroup;
			children = (
				72B6D8D1209ACAD100CFF270 /* Assets.xcassets */,
				72B6D8D6209ACAD100CFF270 /* Info.plist */,
			);
			name = Resources;
			path = FeedsApp;
			sourceTree = "<group>";
		};
		72B6D8FF209ACEF000CFF270 /* View */ = {
			isa = PBXGroup;
			children = (
				72B6D8CE209ACAD100CFF270 /* Main.storyboard */,
				72B6D8D3209ACAD100CFF270 /* LaunchScreen.storyboard */,
			);
			name = View;
			path = FeedsApp;
			sourceTree = "<group>";
		};
		72B6D907209B125200CFF270 /* CustomControls */ = {
			isa = PBXGroup;
			children = (
				72B6D90B209B132000CFF270 /* NSString+Additions.h */,
				72B6D90C209B132000CFF270 /* NSString+Additions.m */,
			);
			name = CustomControls;
			path = FeedsApp;
			sourceTree = "<group>";
		};
		C178CD81B538616D7E99A8DF /* Frameworks */ = {
			isa = PBXGroup;
			children = (
				E012ECA7D674C204B306CB0F /* libPods-FeedsApp.a */,
				EBEDB65E063E632EAEEE5765 /* libPods-FeedsAppTests.a */,
				9EB9C78E073E40461283BC15 /* libPods-FeedsAppUITests.a */,
			);
			name = Frameworks;
			sourceTree = "<group>";
		};
		F03EF3E5A74F5086708E3FCC /* Pods */ = {
			isa = PBXGroup;
			children = (
				FA34D24E274C2049A8FE7F01 /* Pods-FeedsApp.debug.xcconfig */,
				C788A160C732B2E362749D0B /* Pods-FeedsApp.release.xcconfig */,
				2A9C5BAD45EFC3DD05E5E055 /* Pods-FeedsAppTests.debug.xcconfig */,
				DF9C08F2DD53313598E10461 /* Pods-FeedsAppTests.release.xcconfig */,
				2A6239A5E74985B514C90DE6 /* Pods-FeedsAppUITests.debug.xcconfig */,
				14EEF40B89A18DD9656DF615 /* Pods-FeedsAppUITests.release.xcconfig */,
			);
			name = Pods;
			sourceTree = "<group>";
		};
/* End PBXGroup section */

/* Begin PBXNativeTarget section */
		72B6D8C1209ACAD100CFF270 /* FeedsApp */ = {
			isa = PBXNativeTarget;
			buildConfigurationList = 72B6D8EF209ACAD100CFF270 /* Build configuration list for PBXNativeTarget "FeedsApp" */;
			buildPhases = (
				AD390332FCA55AC80AF709BD /* [CP] Check Pods Manifest.lock */,
				72B6D8BE209ACAD100CFF270 /* Sources */,
				72B6D8BF209ACAD100CFF270 /* Frameworks */,
				72B6D8C0209ACAD100CFF270 /* Resources */,
			);
			buildRules = (
			);
			dependencies = (
			);
			name = FeedsApp;
			productName = FeedsApp;
			productReference = 72B6D8C2209ACAD100CFF270 /* FeedsApp.app */;
			productType = "com.apple.product-type.application";
		};
		72B6D8DA209ACAD100CFF270 /* FeedsAppTests */ = {
			isa = PBXNativeTarget;
			buildConfigurationList = 72B6D8F2209ACAD100CFF270 /* Build configuration list for PBXNativeTarget "FeedsAppTests" */;
			buildPhases = (
				ACFCCE632DC89A0066E83C0C /* [CP] Check Pods Manifest.lock */,
				72B6D8D7209ACAD100CFF270 /* Sources */,
				72B6D8D8209ACAD100CFF270 /* Frameworks */,
				72B6D8D9209ACAD100CFF270 /* Resources */,
			);
			buildRules = (
			);
			dependencies = (
				72B6D8DD209ACAD100CFF270 /* PBXTargetDependency */,
			);
			name = FeedsAppTests;
			productName = FeedsAppTests;
			productReference = 72B6D8DB209ACAD100CFF270 /* FeedsAppTests.xctest */;
			productType = "com.apple.product-type.bundle.unit-test";
		};
		72B6D8E5209ACAD100CFF270 /* FeedsAppUITests */ = {
			isa = PBXNativeTarget;
			buildConfigurationList = 72B6D8F5209ACAD100CFF270 /* Build configuration list for PBXNativeTarget "FeedsAppUITests" */;
			buildPhases = (
				5E0ADFD064DD7F1AF0486B34 /* [CP] Check Pods Manifest.lock */,
				72B6D8E2209ACAD100CFF270 /* Sources */,
				72B6D8E3209ACAD100CFF270 /* Frameworks */,
				72B6D8E4209ACAD100CFF270 /* Resources */,
			);
			buildRules = (
			);
			dependencies = (
				72B6D8E8209ACAD100CFF270 /* PBXTargetDependency */,
			);
			name = FeedsAppUITests;
			productName = FeedsAppUITests;
			productReference = 72B6D8E6209ACAD100CFF270 /* FeedsAppUITests.xctest */;
			productType = "com.apple.product-type.bundle.ui-testing";
		};
/* End PBXNativeTarget section */

/* Begin PBXProject section */
		72B6D8BA209ACAD100CFF270 /* Project object */ = {
			isa = PBXProject;
			attributes = {
				LastUpgradeCheck = 0800;
				ORGANIZATIONNAME = Priyanka;
				TargetAttributes = {
					72B6D8C1209ACAD100CFF270 = {
						CreatedOnToolsVersion = 8.0;
						ProvisioningStyle = Automatic;
					};
					72B6D8DA209ACAD100CFF270 = {
						CreatedOnToolsVersion = 8.0;
						ProvisioningStyle = Automatic;
						TestTargetID = 72B6D8C1209ACAD100CFF270;
					};
					72B6D8E5209ACAD100CFF270 = {
						CreatedOnToolsVersion = 8.0;
						ProvisioningStyle = Automatic;
						TestTargetID = 72B6D8C1209ACAD100CFF270;
					};
				};
			};
			buildConfigurationList = 72B6D8BD209ACAD100CFF270 /* Build configuration list for PBXProject "FeedsApp" */;
			compatibilityVersion = "Xcode 3.2";
			developmentRegion = English;
			hasScannedForEncodings = 0;
			knownRegions = (
				en,
				Base,
			);
			mainGroup = 72B6D8B9209ACAD100CFF270;
			productRefGroup = 72B6D8C3209ACAD100CFF270 /* Products */;
			projectDirPath = "";
			projectRoot = "";
			targets = (
				72B6D8C1209ACAD100CFF270 /* FeedsApp */,
				72B6D8DA209ACAD100CFF270 /* FeedsAppTests */,
				72B6D8E5209ACAD100CFF270 /* FeedsAppUITests */,
			);
		};
/* End PBXProject section */

/* Begin PBXResourcesBuildPhase section */
		72B6D8C0209ACAD100CFF270 /* Resources */ = {
			isa = PBXResourcesBuildPhase;
			buildActionMask = 2147483647;
			files = (
				72B6D8D5209ACAD100CFF270 /* LaunchScreen.storyboard in Resources */,
				72B6D8D2209ACAD100CFF270 /* Assets.xcassets in Resources */,
				72B6D8D0209ACAD100CFF270 /* Main.storyboard in Resources */,
			);
			runOnlyForDeploymentPostprocessing = 0;
		};
		72B6D8D9209ACAD100CFF270 /* Resources */ = {
			isa = PBXResourcesBuildPhase;
			buildActionMask = 2147483647;
			files = (
			);
			runOnlyForDeploymentPostprocessing = 0;
		};
		72B6D8E4209ACAD100CFF270 /* Resources */ = {
			isa = PBXResourcesBuildPhase;
			buildActionMask = 2147483647;
			files = (
			);
			runOnlyForDeploymentPostprocessing = 0;
		};
/* End PBXResourcesBuildPhase section */

/* Begin PBXShellScriptBuildPhase section */
		5E0ADFD064DD7F1AF0486B34 /* [CP] Check Pods Manifest.lock */ = {
			isa = PBXShellScriptBuildPhase;
			buildActionMask = 2147483647;
			files = (
			);
			inputPaths = (
				"${PODS_PODFILE_DIR_PATH}/Podfile.lock",
				"${PODS_ROOT}/Manifest.lock",
			);
			name = "[CP] Check Pods Manifest.lock";
			outputPaths = (
				"$(DERIVED_FILE_DIR)/Pods-FeedsAppUITests-checkManifestLockResult.txt",
			);
			runOnlyForDeploymentPostprocessing = 0;
			shellPath = /bin/sh;
			shellScript = "diff \"${PODS_PODFILE_DIR_PATH}/Podfile.lock\" \"${PODS_ROOT}/Manifest.lock\" > /dev/null\nif [ $? != 0 ] ; then\n    # print error to STDERR\n    echo \"error: The sandbox is not in sync with the Podfile.lock. Run 'pod install' or update your CocoaPods installation.\" >&2\n    exit 1\nfi\n# This output is used by Xcode 'outputs' to avoid re-running this script phase.\necho \"SUCCESS\" > \"${SCRIPT_OUTPUT_FILE_0}\"\n";
			showEnvVarsInLog = 0;
		};
		ACFCCE632DC89A0066E83C0C /* [CP] Check Pods Manifest.lock */ = {
			isa = PBXShellScriptBuildPhase;
			buildActionMask = 2147483647;
			files = (
			);
			inputPaths = (
				"${PODS_PODFILE_DIR_PATH}/Podfile.lock",
				"${PODS_ROOT}/Manifest.lock",
			);
			name = "[CP] Check Pods Manifest.lock";
			outputPaths = (
				"$(DERIVED_FILE_DIR)/Pods-FeedsAppTests-checkManifestLockResult.txt",
			);
			runOnlyForDeploymentPostprocessing = 0;
			shellPath = /bin/sh;
			shellScript = "diff \"${PODS_PODFILE_DIR_PATH}/Podfile.lock\" \"${PODS_ROOT}/Manifest.lock\" > /dev/null\nif [ $? != 0 ] ; then\n    # print error to STDERR\n    echo \"error: The sandbox is not in sync with the Podfile.lock. Run 'pod install' or update your CocoaPods installation.\" >&2\n    exit 1\nfi\n# This output is used by Xcode 'outputs' to avoid re-running this script phase.\necho \"SUCCESS\" > \"${SCRIPT_OUTPUT_FILE_0}\"\n";
			showEnvVarsInLog = 0;
		};
		AD390332FCA55AC80AF709BD /* [CP] Check Pods Manifest.lock */ = {
			isa = PBXShellScriptBuildPhase;
			buildActionMask = 2147483647;
			files = (
			);
			inputPaths = (
				"${PODS_PODFILE_DIR_PATH}/Podfile.lock",
				"${PODS_ROOT}/Manifest.lock",
			);
			name = "[CP] Check Pods Manifest.lock";
			outputPaths = (
				"$(DERIVED_FILE_DIR)/Pods-FeedsApp-checkManifestLockResult.txt",
			);
			runOnlyForDeploymentPostprocessing = 0;
			shellPath = /bin/sh;
			shellScript = "diff \"${PODS_PODFILE_DIR_PATH}/Podfile.lock\" \"${PODS_ROOT}/Manifest.lock\" > /dev/null\nif [ $? != 0 ] ; then\n    # print error to STDERR\n    echo \"error: The sandbox is not in sync with the Podfile.lock. Run 'pod install' or update your CocoaPods installation.\" >&2\n    exit 1\nfi\n# This output is used by Xcode 'outputs' to avoid re-running this script phase.\necho \"SUCCESS\" > \"${SCRIPT_OUTPUT_FILE_0}\"\n";
			showEnvVarsInLog = 0;
		};
/* End PBXShellScriptBuildPhase section */

/* Begin PBXSourcesBuildPhase section */
		72B6D8BE209ACAD100CFF270 /* Sources */ = {
			isa = PBXSourcesBuildPhase;
			buildActionMask = 2147483647;
			files = (
				72B6D919209B2FA900CFF270 /* FAServiceManager.m in Sources */,
				72B6D8CA209ACAD100CFF270 /* AppDelegate.m in Sources */,
				72B6D90D209B132000CFF270 /* NSString+Additions.m in Sources */,
				72B6D910209B2E2800CFF270 /* FAFeed.m in Sources */,
				72B6D8C7209ACAD100CFF270 /* main.m in Sources */,
				72B6D906209AF9C000CFF270 /* FAListViewController.m in Sources */,
				72B6D916209B2F1700CFF270 /* FATableViewDelegate.m in Sources */,
				72B6D913209B2F0300CFF270 /* FATableViewDataSource.m in Sources */,
			);
			runOnlyForDeploymentPostprocessing = 0;
		};
		72B6D8D7209ACAD100CFF270 /* Sources */ = {
			isa = PBXSourcesBuildPhase;
			buildActionMask = 2147483647;
			files = (
				72B6D8E0209ACAD100CFF270 /* FeedsAppTests.m in Sources */,
			);
			runOnlyForDeploymentPostprocessing = 0;
		};
		72B6D8E2209ACAD100CFF270 /* Sources */ = {
			isa = PBXSourcesBuildPhase;
			buildActionMask = 2147483647;
			files = (
				72B6D8EB209ACAD100CFF270 /* FeedsAppUITests.m in Sources */,
			);
			runOnlyForDeploymentPostprocessing = 0;
		};
/* End PBXSourcesBuildPhase section */

/* Begin PBXTargetDependency section */
		72B6D8DD209ACAD100CFF270 /* PBXTargetDependency */ = {
			isa = PBXTargetDependency;
			target = 72B6D8C1209ACAD100CFF270 /* FeedsApp */;
			targetProxy = 72B6D8DC209ACAD100CFF270 /* PBXContainerItemProxy */;
		};
		72B6D8E8209ACAD100CFF270 /* PBXTargetDependency */ = {
			isa = PBXTargetDependency;
			target = 72B6D8C1209ACAD100CFF270 /* FeedsApp */;
			targetProxy = 72B6D8E7209ACAD100CFF270 /* PBXContainerItemProxy */;
		};
/* End PBXTargetDependency section */

/* Begin PBXVariantGroup section */
		72B6D8CE209ACAD100CFF270 /* Main.storyboard */ = {
			isa = PBXVariantGroup;
			children = (
				72B6D8CF209ACAD100CFF270 /* Base */,
			);
			name = Main.storyboard;
			sourceTree = "<group>";
		};
		72B6D8D3209ACAD100CFF270 /* LaunchScreen.storyboard */ = {
			isa = PBXVariantGroup;
			children = (
				72B6D8D4209ACAD100CFF270 /* Base */,
			);
			name = LaunchScreen.storyboard;
			sourceTree = "<group>";
		};
/* End PBXVariantGroup section */

/* Begin XCBuildConfiguration section */
		72B6D8ED209ACAD100CFF270 /* Debug */ = {
			isa = XCBuildConfiguration;
			buildSettings = {
				ALWAYS_SEARCH_USER_PATHS = NO;
				CLANG_ANALYZER_NONNULL = YES;
				CLANG_CXX_LANGUAGE_STANDARD = "gnu++0x";
				CLANG_CXX_LIBRARY = "libc++";
				CLANG_ENABLE_MODULES = YES;
				CLANG_ENABLE_OBJC_ARC = YES;
				CLANG_WARN_BOOL_CONVERSION = YES;
				CLANG_WARN_CONSTANT_CONVERSION = YES;
				CLANG_WARN_DIRECT_OBJC_ISA_USAGE = YES_ERROR;
				CLANG_WARN_DOCUMENTATION_COMMENTS = YES;
				CLANG_WARN_EMPTY_BODY = YES;
				CLANG_WARN_ENUM_CONVERSION = YES;
				CLANG_WARN_INFINITE_RECURSION = YES;
				CLANG_WARN_INT_CONVERSION = YES;
				CLANG_WARN_OBJC_ROOT_CLASS = YES_ERROR;
				CLANG_WARN_SUSPICIOUS_MOVES = YES;
				CLANG_WARN_UNREACHABLE_CODE = YES;
				CLANG_WARN__DUPLICATE_METHOD_MATCH = YES;
				"CODE_SIGN_IDENTITY[sdk=iphoneos*]" = "iPhone Developer";
				COPY_PHASE_STRIP = NO;
				DEBUG_INFORMATION_FORMAT = dwarf;
				ENABLE_STRICT_OBJC_MSGSEND = YES;
				ENABLE_TESTABILITY = YES;
				GCC_C_LANGUAGE_STANDARD = gnu99;
				GCC_DYNAMIC_NO_PIC = NO;
				GCC_NO_COMMON_BLOCKS = YES;
				GCC_OPTIMIZATION_LEVEL = 0;
				GCC_PREPROCESSOR_DEFINITIONS = (
					"DEBUG=1",
					"$(inherited)",
				);
				GCC_WARN_64_TO_32_BIT_CONVERSION = YES;
				GCC_WARN_ABOUT_RETURN_TYPE = YES_ERROR;
				GCC_WARN_UNDECLARED_SELECTOR = YES;
				GCC_WARN_UNINITIALIZED_AUTOS = YES_AGGRESSIVE;
				GCC_WARN_UNUSED_FUNCTION = YES;
				GCC_WARN_UNUSED_VARIABLE = YES;
				IPHONEOS_DEPLOYMENT_TARGET = 10.0;
				MTL_ENABLE_DEBUG_INFO = YES;
				ONLY_ACTIVE_ARCH = YES;
				SDKROOT = iphoneos;
				TARGETED_DEVICE_FAMILY = "1,2";
			};
			name = Debug;
		};
		72B6D8EE209ACAD100CFF270 /* Release */ = {
			isa = XCBuildConfiguration;
			buildSettings = {
				ALWAYS_SEARCH_USER_PATHS = NO;
				CLANG_ANALYZER_NONNULL = YES;
				CLANG_CXX_LANGUAGE_STANDARD = "gnu++0x";
				CLANG_CXX_LIBRARY = "libc++";
				CLANG_ENABLE_MODULES = YES;
				CLANG_ENABLE_OBJC_ARC = YES;
				CLANG_WARN_BOOL_CONVERSION = YES;
				CLANG_WARN_CONSTANT_CONVERSION = YES;
				CLANG_WARN_DIRECT_OBJC_ISA_USAGE = YES_ERROR;
				CLANG_WARN_DOCUMENTATION_COMMENTS = YES;
				CLANG_WARN_EMPTY_BODY = YES;
				CLANG_WARN_ENUM_CONVERSION = YES;
				CLANG_WARN_INFINITE_RECURSION = YES;
				CLANG_WARN_INT_CONVERSION = YES;
				CLANG_WARN_OBJC_ROOT_CLASS = YES_ERROR;
				CLANG_WARN_SUSPICIOUS_MOVES = YES;
				CLANG_WARN_UNREACHABLE_CODE = YES;
				CLANG_WARN__DUPLICATE_METHOD_MATCH = YES;
				"CODE_SIGN_IDENTITY[sdk=iphoneos*]" = "iPhone Developer";
				COPY_PHASE_STRIP = NO;
				DEBUG_INFORMATION_FORMAT = "dwarf-with-dsym";
				ENABLE_NS_ASSERTIONS = NO;
				ENABLE_STRICT_OBJC_MSGSEND = YES;
				GCC_C_LANGUAGE_STANDARD = gnu99;
				GCC_NO_COMMON_BLOCKS = YES;
				GCC_WARN_64_TO_32_BIT_CONVERSION = YES;
				GCC_WARN_ABOUT_RETURN_TYPE = YES_ERROR;
				GCC_WARN_UNDECLARED_SELECTOR = YES;
				GCC_WARN_UNINITIALIZED_AUTOS = YES_AGGRESSIVE;
				GCC_WARN_UNUSED_FUNCTION = YES;
				GCC_WARN_UNUSED_VARIABLE = YES;
				IPHONEOS_DEPLOYMENT_TARGET = 10.0;
				MTL_ENABLE_DEBUG_INFO = NO;
				SDKROOT = iphoneos;
				TARGETED_DEVICE_FAMILY = "1,2";
				VALIDATE_PRODUCT = YES;
			};
			name = Release;
		};
		72B6D8F0209ACAD100CFF270 /* Debug */ = {
			isa = XCBuildConfiguration;
			baseConfigurationReference = FA34D24E274C2049A8FE7F01 /* Pods-FeedsApp.debug.xcconfig */;
			buildSettings = {
				ASSETCATALOG_COMPILER_APPICON_NAME = AppIcon;
				INFOPLIST_FILE = FeedsApp/Info.plist;
				LD_RUNPATH_SEARCH_PATHS = "$(inherited) @executable_path/Frameworks";
				PRODUCT_BUNDLE_IDENTIFIER = com.priyanka.FeedsApp;
				PRODUCT_NAME = "$(TARGET_NAME)";
			};
			name = Debug;
		};
		72B6D8F1209ACAD100CFF270 /* Release */ = {
			isa = XCBuildConfiguration;
			baseConfigurationReference = C788A160C732B2E362749D0B /* Pods-FeedsApp.release.xcconfig */;
			buildSettings = {
				ASSETCATALOG_COMPILER_APPICON_NAME = AppIcon;
				INFOPLIST_FILE = FeedsApp/Info.plist;
				LD_RUNPATH_SEARCH_PATHS = "$(inherited) @executable_path/Frameworks";
				PRODUCT_BUNDLE_IDENTIFIER = com.priyanka.FeedsApp;
				PRODUCT_NAME = "$(TARGET_NAME)";
			};
			name = Release;
		};
		72B6D8F3209ACAD100CFF270 /* Debug */ = {
			isa = XCBuildConfiguration;
			baseConfigurationReference = 2A9C5BAD45EFC3DD05E5E055 /* Pods-FeedsAppTests.debug.xcconfig */;
			buildSettings = {
				BUNDLE_LOADER = "$(TEST_HOST)";
				INFOPLIST_FILE = FeedsAppTests/Info.plist;
				LD_RUNPATH_SEARCH_PATHS = "$(inherited) @executable_path/Frameworks @loader_path/Frameworks";
				PRODUCT_BUNDLE_IDENTIFIER = com.priyanka.FeedsAppTests;
				PRODUCT_NAME = "$(TARGET_NAME)";
				TEST_HOST = "$(BUILT_PRODUCTS_DIR)/FeedsApp.app/FeedsApp";
			};
			name = Debug;
		};
		72B6D8F4209ACAD100CFF270 /* Release */ = {
			isa = XCBuildConfiguration;
			baseConfigurationReference = DF9C08F2DD53313598E10461 /* Pods-FeedsAppTests.release.xcconfig */;
			buildSettings = {
				BUNDLE_LOADER = "$(TEST_HOST)";
				INFOPLIST_FILE = FeedsAppTests/Info.plist;
				LD_RUNPATH_SEARCH_PATHS = "$(inherited) @executable_path/Frameworks @loader_path/Frameworks";
				PRODUCT_BUNDLE_IDENTIFIER = com.priyanka.FeedsAppTests;
				PRODUCT_NAME = "$(TARGET_NAME)";
				TEST_HOST = "$(BUILT_PRODUCTS_DIR)/FeedsApp.app/FeedsApp";
			};
			name = Release;
		};
		72B6D8F6209ACAD100CFF270 /* Debug */ = {
			isa = XCBuildConfiguration;
			baseConfigurationReference = 2A6239A5E74985B514C90DE6 /* Pods-FeedsAppUITests.debug.xcconfig */;
			buildSettings = {
				INFOPLIST_FILE = FeedsAppUITests/Info.plist;
				LD_RUNPATH_SEARCH_PATHS = "$(inherited) @executable_path/Frameworks @loader_path/Frameworks";
				PRODUCT_BUNDLE_IDENTIFIER = com.priyanka.FeedsAppUITests;
				PRODUCT_NAME = "$(TARGET_NAME)";
				TEST_TARGET_NAME = FeedsApp;
			};
			name = Debug;
		};
		72B6D8F7209ACAD100CFF270 /* Release */ = {
			isa = XCBuildConfiguration;
			baseConfigurationReference = 14EEF40B89A18DD9656DF615 /* Pods-FeedsAppUITests.release.xcconfig */;
			buildSettings = {
				INFOPLIST_FILE = FeedsAppUITests/Info.plist;
				LD_RUNPATH_SEARCH_PATHS = "$(inherited) @executable_path/Frameworks @loader_path/Frameworks";
				PRODUCT_BUNDLE_IDENTIFIER = com.priyanka.FeedsAppUITests;
				PRODUCT_NAME = "$(TARGET_NAME)";
				TEST_TARGET_NAME = FeedsApp;
			};
			name = Release;
		};
/* End XCBuildConfiguration section */

/* Begin XCConfigurationList section */
		72B6D8BD209ACAD100CFF270 /* Build configuration list for PBXProject "FeedsApp" */ = {
			isa = XCConfigurationList;
			buildConfigurations = (
				72B6D8ED209ACAD100CFF270 /* Debug */,
				72B6D8EE209ACAD100CFF270 /* Release */,
			);
			defaultConfigurationIsVisible = 0;
			defaultConfigurationName = Release;
		};
		72B6D8EF209ACAD100CFF270 /* Build configuration list for PBXNativeTarget "FeedsApp" */ = {
			isa = XCConfigurationList;
			buildConfigurations = (
				72B6D8F0209ACAD100CFF270 /* Debug */,
				72B6D8F1209ACAD100CFF270 /* Release */,
			);
			defaultConfigurationIsVisible = 0;
			defaultConfigurationName = Release;
		};
		72B6D8F2209ACAD100CFF270 /* Build configuration list for PBXNativeTarget "FeedsAppTests" */ = {
			isa = XCConfigurationList;
			buildConfigurations = (
				72B6D8F3209ACAD100CFF270 /* Debug */,
				72B6D8F4209ACAD100CFF270 /* Release */,
			);
			defaultConfigurationIsVisible = 0;
			defaultConfigurationName = Release;
		};
		72B6D8F5209ACAD100CFF270 /* Build configuration list for PBXNativeTarget "FeedsAppUITests" */ = {
			isa = XCConfigurationList;
			buildConfigurations = (
				72B6D8F6209ACAD100CFF270 /* Debug */,
				72B6D8F7209ACAD100CFF270 /* Release */,
			);
			defaultConfigurationIsVisible = 0;
			defaultConfigurationName = Release;
		};
/* End XCConfigurationList section */
	};
	rootObject = 72B6D8BA209ACAD100CFF270 /* Project object */;
}
